
Microsoft Visual Studio Solution File, Format Version 12.00
# Visual Studio 14
VisualStudioVersion = 14.0.25420.1
MinimumVisualStudioVersion = 10.0.40219.1
Project("{FAE04EC0-301F-11D3-BF4B-00C04F79EFBC}") = "Library.Domain", "Library.Domain\Library.Domain\Library.Domain.csproj", "{972C72F2-0E33-4C6A-A077-613F1263DCD0}"
EndProject
Project("{FAE04EC0-301F-11D3-BF4B-00C04F79EFBC}") = "Library.WebApp", "Library.WebApp\Library.WebApp.csproj", "{6BB03634-50F3-46CF-817C-CFCDAD5C01D6}"
EndProject
Project("{FAE04EC0-301F-11D3-BF4B-00C04F79EFBC}") = "Library.WebApp.Tests", "Library.WebApp.Tests\Library.WebApp.Tests.csproj", "{ED863E9E-B62A-4730-8663-F69E491C524C}"
EndProject
Project("{2150E333-8FDC-42A3-9474-1A3956D46DE8}") = "1 - Presentation", "1 - Presentation", "{5520A6ED-A574-447D-A2B0-3585696415B9}"
EndProject
Project("{2150E333-8FDC-42A3-9474-1A3956D46DE8}") = "3 - Domain", "3 - Domain", "{7C0D7419-FE90-4188-8813-CFADCCD4EBB6}"
EndProject
Project("{2150E333-8FDC-42A3-9474-1A3956D46DE8}") = "4 - Infrastructure", "4 - Infrastructure", "{B9E01D20-1E74-431C-A613-E30590401F75}"
EndProject
Project("{2150E333-8FDC-42A3-9474-1A3956D46DE8}") = "2 - Services", "2 - Services", "{4DB18A5F-7F35-4A81-9688-127773A21DE6}"
EndProject
Project("{2150E333-8FDC-42A3-9474-1A3956D46DE8}") = "5 - Crosscutting", "5 - Crosscutting", "{2CBF10E3-8C0F-4144-B370-5983CB461E04}"
EndProject
Global
	GlobalSection(SolutionConfigurationPlatforms) = preSolution
		Debug|Any CPU = Debug|Any CPU
		Release|Any CPU = Release|Any CPU
	EndGlobalSection
	GlobalSection(ProjectConfigurationPlatforms) = postSolution
		{972C72F2-0E33-4C6A-A077-613F1263DCD0}.Debug|Any CPU.ActiveCfg = Debug|Any CPU
		{972C72F2-0E33-4C6A-A077-613F1263DCD0}.Debug|Any CPU.Build.0 = Debug|Any CPU
		{972C72F2-0E33-4C6A-A077-613F1263DCD0}.Release|Any CPU.ActiveCfg = Release|Any CPU
		{972C72F2-0E33-4C6A-A077-613F1263DCD0}.Release|Any CPU.Build.0 = Release|Any CPU
		{6BB03634-50F3-46CF-817C-CFCDAD5C01D6}.Debug|Any CPU.ActiveCfg = Debug|Any CPU
		{6BB03634-50F3-46CF-817C-CFCDAD5C01D6}.Debug|Any CPU.Build.0 = Debug|Any CPU
		{6BB03634-50F3-46CF-817C-CFCDAD5C01D6}.Release|Any CPU.ActiveCfg = Release|Any CPU
		{6BB03634-50F3-46CF-817C-CFCDAD5C01D6}.Release|Any CPU.Build.0 = Release|Any CPU
		{ED863E9E-B62A-4730-8663-F69E491C524C}.Debug|Any CPU.ActiveCfg = Debug|Any CPU
		{ED863E9E-B62A-4730-8663-F69E491C524C}.Debug|Any CPU.Build.0 = Debug|Any CPU
		{ED863E9E-B62A-4730-8663-F69E491C524C}.Release|Any CPU.ActiveCfg = Release|Any CPU
		{ED863E9E-B62A-4730-8663-F69E491C524C}.Release|Any CPU.Build.0 = Release|Any CPU
	EndGlobalSection
	GlobalSection(SolutionProperties) = preSolution
		HideSolutionNode = FALSE
	EndGlobalSection
	GlobalSection(NestedProjects) = preSolution
		{972C72F2-0E33-4C6A-A077-613F1263DCD0} = {7C0D7419-FE90-4188-8813-CFADCCD4EBB6}
		{6BB03634-50F3-46CF-817C-CFCDAD5C01D6} = {5520A6ED-A574-447D-A2B0-3585696415B9}
		{ED863E9E-B62A-4730-8663-F69E491C524C} = {5520A6ED-A574-447D-A2B0-3585696415B9}
	EndGlobalSection
EndGlobal
